
Microsoft Visual Studio Solution File, Format Version 12.00
# Visual Studio Version 17
VisualStudioVersion = 17.9.34723.18
MinimumVisualStudioVersion = 10.0.40219.1
Project("{FAE04EC0-301F-11D3-BF4B-00C04F79EFBC}") = "MLIMS", "MLIMS\MLIMS.csproj", "{F65F4199-3F41-457B-8788-BE2B979399A5}"
EndProject
Global
	GlobalSection(SolutionConfigurationPlatforms) = preSolution
		Debug|Any CPU = Debug|Any CPU
		Release|Any CPU = Release|Any CPU
	EndGlobalSection
	GlobalSection(ProjectConfigurationPlatforms) = postSolution
		{F65F4199-3F41-457B-8788-BE2B979399A5}.Debug|Any CPU.ActiveCfg = Debug|Any CPU
		{F65F4199-3F41-457B-8788-BE2B979399A5}.Debug|Any CPU.Build.0 = Debug|Any CPU
		{F65F4199-3F41-457B-8788-BE2B979399A5}.Release|Any CPU.ActiveCfg = Release|Any CPU
		{F65F4199-3F41-457B-8788-BE2B979399A5}.Release|Any CPU.Build.0 = Release|Any CPU
	EndGlobalSection
	GlobalSection(SolutionProperties) = preSolution
		HideSolutionNode = FALSE
	EndGlobalSection
	GlobalSection(ExtensibilityGlobals) = postSolution
		SolutionGuid = {A0C4213A-89B6-4412-93CB-3D8B0CD03A2A}
	EndGlobalSection
EndGlobal
